// !$*UTF8*$!
{
	archiveVersion = 1;
	classes = {
	};
	objectVersion = 50;
	objects = {

/* Begin PBXBuildFile section */
		A1B0520E16C7F64B98A22A7E /* Pods_MamicampFinalProject.framework in Frameworks */ = {isa = PBXBuildFile; fileRef = F686B795FE9B3AFD63CC03A1 /* Pods_MamicampFinalProject.framework */; };
		F506F98B224BD482008BB122 /* AppDelegate.swift in Sources */ = {isa = PBXBuildFile; fileRef = F506F98A224BD482008BB122 /* AppDelegate.swift */; };
		F506F98D224BD482008BB122 /* ViewController.swift in Sources */ = {isa = PBXBuildFile; fileRef = F506F98C224BD482008BB122 /* ViewController.swift */; };
		F506F990224BD482008BB122 /* Main.storyboard in Resources */ = {isa = PBXBuildFile; fileRef = F506F98E224BD482008BB122 /* Main.storyboard */; };
		F506F993224BD482008BB122 /* MamicampFinalProject.xcdatamodeld in Sources */ = {isa = PBXBuildFile; fileRef = F506F991224BD482008BB122 /* MamicampFinalProject.xcdatamodeld */; };
		F506F995224BD483008BB122 /* Assets.xcassets in Resources */ = {isa = PBXBuildFile; fileRef = F506F994224BD483008BB122 /* Assets.xcassets */; };
		F506F998224BD483008BB122 /* LaunchScreen.storyboard in Resources */ = {isa = PBXBuildFile; fileRef = F506F996224BD483008BB122 /* LaunchScreen.storyboard */; };
		F506F9A0224BE0CD008BB122 /* KostTableViewCell.xib in Resources */ = {isa = PBXBuildFile; fileRef = F506F99F224BE0CD008BB122 /* KostTableViewCell.xib */; };
		F506F9A2224BE503008BB122 /* DetailKostViewController.swift in Sources */ = {isa = PBXBuildFile; fileRef = F506F9A1224BE503008BB122 /* DetailKostViewController.swift */; };
		F506F9A4224BE680008BB122 /* TambahKostViewController.swift in Sources */ = {isa = PBXBuildFile; fileRef = F506F9A3224BE680008BB122 /* TambahKostViewController.swift */; };
		F506F9A8224BE8E6008BB122 /* KostTableViewCell.swift in Sources */ = {isa = PBXBuildFile; fileRef = F506F9A7224BE8E6008BB122 /* KostTableViewCell.swift */; };
		F51DC7B8224C0A4D00EB4958 /* NetworkFacade.swift in Sources */ = {isa = PBXBuildFile; fileRef = F51DC7B7224C0A4D00EB4958 /* NetworkFacade.swift */; };
		F51DC7BA224C0E1200EB4958 /* KostViewModel.swift in Sources */ = {isa = PBXBuildFile; fileRef = F51DC7B9224C0E1200EB4958 /* KostViewModel.swift */; };
		F51DC7BC224C159600EB4958 /* KostModel.swift in Sources */ = {isa = PBXBuildFile; fileRef = F51DC7BB224C159600EB4958 /* KostModel.swift */; };
		F51DC7C1224C186600EB4958 /* AnyViewExtension.swift in Sources */ = {isa = PBXBuildFile; fileRef = F51DC7C0224C186600EB4958 /* AnyViewExtension.swift */; };
/* End PBXBuildFile section */

/* Begin PBXFileReference section */
		24A6FA53C8AB1ECA7420ED5C /* Pods-MamicampFinalProject.release.xcconfig */ = {isa = PBXFileReference; includeInIndex = 1; lastKnownFileType = text.xcconfig; name = "Pods-MamicampFinalProject.release.xcconfig"; path = "Target Support Files/Pods-MamicampFinalProject/Pods-MamicampFinalProject.release.xcconfig"; sourceTree = "<group>"; };
		9E2EE42C64064AB6DB941955 /* Pods-MamicampFinalProject.debug.xcconfig */ = {isa = PBXFileReference; includeInIndex = 1; lastKnownFileType = text.xcconfig; name = "Pods-MamicampFinalProject.debug.xcconfig"; path = "Target Support Files/Pods-MamicampFinalProject/Pods-MamicampFinalProject.debug.xcconfig"; sourceTree = "<group>"; };
		F506F987224BD482008BB122 /* MamicampFinalProject.app */ = {isa = PBXFileReference; explicitFileType = wrapper.application; includeInIndex = 0; path = MamicampFinalProject.app; sourceTree = BUILT_PRODUCTS_DIR; };
		F506F98A224BD482008BB122 /* AppDelegate.swift */ = {isa = PBXFileReference; lastKnownFileType = sourcecode.swift; path = AppDelegate.swift; sourceTree = "<group>"; };
		F506F98C224BD482008BB122 /* ViewController.swift */ = {isa = PBXFileReference; lastKnownFileType = sourcecode.swift; path = ViewController.swift; sourceTree = "<group>"; };
		F506F98F224BD482008BB122 /* Base */ = {isa = PBXFileReference; lastKnownFileType = file.storyboard; name = Base; path = Base.lproj/Main.storyboard; sourceTree = "<group>"; };
		F506F992224BD482008BB122 /* MamicampFinalProject.xcdatamodel */ = {isa = PBXFileReference; lastKnownFileType = wrapper.xcdatamodel; path = MamicampFinalProject.xcdatamodel; sourceTree = "<group>"; };
		F506F994224BD483008BB122 /* Assets.xcassets */ = {isa = PBXFileReference; lastKnownFileType = folder.assetcatalog; path = Assets.xcassets; sourceTree = "<group>"; };
		F506F997224BD483008BB122 /* Base */ = {isa = PBXFileReference; lastKnownFileType = file.storyboard; name = Base; path = Base.lproj/LaunchScreen.storyboard; sourceTree = "<group>"; };
		F506F999224BD483008BB122 /* Info.plist */ = {isa = PBXFileReference; lastKnownFileType = text.plist.xml; path = Info.plist; sourceTree = "<group>"; };
		F506F99F224BE0CD008BB122 /* KostTableViewCell.xib */ = {isa = PBXFileReference; lastKnownFileType = file.xib; path = KostTableViewCell.xib; sourceTree = "<group>"; };
		F506F9A1224BE503008BB122 /* DetailKostViewController.swift */ = {isa = PBXFileReference; lastKnownFileType = sourcecode.swift; path = DetailKostViewController.swift; sourceTree = "<group>"; };
		F506F9A3224BE680008BB122 /* TambahKostViewController.swift */ = {isa = PBXFileReference; lastKnownFileType = sourcecode.swift; path = TambahKostViewController.swift; sourceTree = "<group>"; };
		F506F9A7224BE8E6008BB122 /* KostTableViewCell.swift */ = {isa = PBXFileReference; lastKnownFileType = sourcecode.swift; path = KostTableViewCell.swift; sourceTree = "<group>"; };
		F51DC7B7224C0A4D00EB4958 /* NetworkFacade.swift */ = {isa = PBXFileReference; lastKnownFileType = sourcecode.swift; path = NetworkFacade.swift; sourceTree = "<group>"; };
		F51DC7B9224C0E1200EB4958 /* KostViewModel.swift */ = {isa = PBXFileReference; lastKnownFileType = sourcecode.swift; path = KostViewModel.swift; sourceTree = "<group>"; };
		F51DC7BB224C159600EB4958 /* KostModel.swift */ = {isa = PBXFileReference; lastKnownFileType = sourcecode.swift; path = KostModel.swift; sourceTree = "<group>"; };
		F51DC7C0224C186600EB4958 /* AnyViewExtension.swift */ = {isa = PBXFileReference; lastKnownFileType = sourcecode.swift; path = AnyViewExtension.swift; sourceTree = "<group>"; };
		F686B795FE9B3AFD63CC03A1 /* Pods_MamicampFinalProject.framework */ = {isa = PBXFileReference; explicitFileType = wrapper.framework; includeInIndex = 0; path = Pods_MamicampFinalProject.framework; sourceTree = BUILT_PRODUCTS_DIR; };
/* End PBXFileReference section */

/* Begin PBXFrameworksBuildPhase section */
		F506F984224BD482008BB122 /* Frameworks */ = {
			isa = PBXFrameworksBuildPhase;
			buildActionMask = 2147483647;
			files = (
				A1B0520E16C7F64B98A22A7E /* Pods_MamicampFinalProject.framework in Frameworks */,
			);
			runOnlyForDeploymentPostprocessing = 0;
		};
/* End PBXFrameworksBuildPhase section */

/* Begin PBXGroup section */
		539A10041B33AF7DB84CD297 /* Pods */ = {
			isa = PBXGroup;
			children = (
				9E2EE42C64064AB6DB941955 /* Pods-MamicampFinalProject.debug.xcconfig */,
				24A6FA53C8AB1ECA7420ED5C /* Pods-MamicampFinalProject.release.xcconfig */,
			);
			path = Pods;
			sourceTree = "<group>";
		};
		D3C958CF7E5F69D7EB059D68 /* Frameworks */ = {
			isa = PBXGroup;
			children = (
				F686B795FE9B3AFD63CC03A1 /* Pods_MamicampFinalProject.framework */,
			);
			name = Frameworks;
			sourceTree = "<group>";
		};
		F506F97E224BD482008BB122 = {
			isa = PBXGroup;
			children = (
				F506F989224BD482008BB122 /* MamicampFinalProject */,
				F506F988224BD482008BB122 /* Products */,
				539A10041B33AF7DB84CD297 /* Pods */,
				D3C958CF7E5F69D7EB059D68 /* Frameworks */,
			);
			sourceTree = "<group>";
		};
		F506F988224BD482008BB122 /* Products */ = {
			isa = PBXGroup;
			children = (
				F506F987224BD482008BB122 /* MamicampFinalProject.app */,
			);
			name = Products;
			sourceTree = "<group>";
		};
		F506F989224BD482008BB122 /* MamicampFinalProject */ = {
			isa = PBXGroup;
			children = (
				F506F98A224BD482008BB122 /* AppDelegate.swift */,
				F51DC7B6224C0A1F00EB4958 /* Network */,
				F51DC7BD224C169500EB4958 /* Model */,
				F51DC7C2224C18CD00EB4958 /* ViewModel */,
				F51DC7BF224C183200EB4958 /* Helper */,
				F51DC7BE224C16B600EB4958 /* Views */,
				F506F994224BD483008BB122 /* Assets.xcassets */,
				F506F999224BD483008BB122 /* Info.plist */,
				F506F991224BD482008BB122 /* MamicampFinalProject.xcdatamodeld */,
			);
			path = MamicampFinalProject;
			sourceTree = "<group>";
		};
		F51DC7B6224C0A1F00EB4958 /* Network */ = {
			isa = PBXGroup;
			children = (
				F51DC7B7224C0A4D00EB4958 /* NetworkFacade.swift */,
			);
			path = Network;
			sourceTree = "<group>";
		};
		F51DC7BD224C169500EB4958 /* Model */ = {
			isa = PBXGroup;
			children = (
				F51DC7BB224C159600EB4958 /* KostModel.swift */,
			);
			path = Model;
			sourceTree = "<group>";
		};
		F51DC7BE224C16B600EB4958 /* Views */ = {
			isa = PBXGroup;
			children = (
				F506F98E224BD482008BB122 /* Main.storyboard */,
				F506F99F224BE0CD008BB122 /* KostTableViewCell.xib */,
				F506F996224BD483008BB122 /* LaunchScreen.storyboard */,
				F506F98C224BD482008BB122 /* ViewController.swift */,
				F506F9A7224BE8E6008BB122 /* KostTableViewCell.swift */,
				F506F9A3224BE680008BB122 /* TambahKostViewController.swift */,
				F506F9A1224BE503008BB122 /* DetailKostViewController.swift */,
			);
			path = Views;
			sourceTree = "<group>";
		};
		F51DC7BF224C183200EB4958 /* Helper */ = {
			isa = PBXGroup;
			children = (
				F51DC7C0224C186600EB4958 /* AnyViewExtension.swift */,
			);
			path = Helper;
			sourceTree = "<group>";
		};
		F51DC7C2224C18CD00EB4958 /* ViewModel */ = {
			isa = PBXGroup;
			children = (
				F51DC7B9224C0E1200EB4958 /* KostViewModel.swift */,
			);
			path = ViewModel;
			sourceTree = "<group>";
		};
/* End PBXGroup section */

/* Begin PBXNativeTarget section */
		F506F986224BD482008BB122 /* MamicampFinalProject */ = {
			isa = PBXNativeTarget;
			buildConfigurationList = F506F99C224BD483008BB122 /* Build configuration list for PBXNativeTarget "MamicampFinalProject" */;
			buildPhases = (
				F2533A86B108C6C698C800D9 /* [CP] Check Pods Manifest.lock */,
				F506F983224BD482008BB122 /* Sources */,
				F506F984224BD482008BB122 /* Frameworks */,
				F506F985224BD482008BB122 /* Resources */,
				0C6F60F9C077CF5B63B6590A /* [CP] Embed Pods Frameworks */,
			);
			buildRules = (
			);
			dependencies = (
			);
			name = MamicampFinalProject;
			productName = MamicampFinalProject;
			productReference = F506F987224BD482008BB122 /* MamicampFinalProject.app */;
			productType = "com.apple.product-type.application";
		};
/* End PBXNativeTarget section */

/* Begin PBXProject section */
		F506F97F224BD482008BB122 /* Project object */ = {
			isa = PBXProject;
			attributes = {
				LastSwiftUpdateCheck = 1010;
				LastUpgradeCheck = 1010;
				ORGANIZATIONNAME = rendy;
				TargetAttributes = {
					F506F986224BD482008BB122 = {
						CreatedOnToolsVersion = 10.1;
					};
				};
			};
			buildConfigurationList = F506F982224BD482008BB122 /* Build configuration list for PBXProject "MamicampFinalProject" */;
			compatibilityVersion = "Xcode 9.3";
			developmentRegion = en;
			hasScannedForEncodings = 0;
			knownRegions = (
				en,
				Base,
			);
			mainGroup = F506F97E224BD482008BB122;
			productRefGroup = F506F988224BD482008BB122 /* Products */;
			projectDirPath = "";
			projectRoot = "";
			targets = (
				F506F986224BD482008BB122 /* MamicampFinalProject */,
			);
		};
/* End PBXProject section */

/* Begin PBXResourcesBuildPhase section */
		F506F985224BD482008BB122 /* Resources */ = {
			isa = PBXResourcesBuildPhase;
			buildActionMask = 2147483647;
			files = (
				F506F998224BD483008BB122 /* LaunchScreen.storyboard in Resources */,
				F506F995224BD483008BB122 /* Assets.xcassets in Resources */,
				F506F9A0224BE0CD008BB122 /* KostTableViewCell.xib in Resources */,
				F506F990224BD482008BB122 /* Main.storyboard in Resources */,
			);
			runOnlyForDeploymentPostprocessing = 0;
		};
/* End PBXResourcesBuildPhase section */

/* Begin PBXShellScriptBuildPhase section */
		0C6F60F9C077CF5B63B6590A /* [CP] Embed Pods Frameworks */ = {
			isa = PBXShellScriptBuildPhase;
			buildActionMask = 2147483647;
			files = (
			);
			inputFileListPaths = (
			);
			inputPaths = (
				"${PODS_ROOT}/Target Support Files/Pods-MamicampFinalProject/Pods-MamicampFinalProject-frameworks.sh",
				"${BUILT_PRODUCTS_DIR}/Alamofire/Alamofire.framework",
				"${BUILT_PRODUCTS_DIR}/Alamofire-SwiftyJSON/Alamofire_SwiftyJSON.framework",
				"${BUILT_PRODUCTS_DIR}/AlamofireImage/AlamofireImage.framework",
				"${BUILT_PRODUCTS_DIR}/SwiftyJSON/SwiftyJSON.framework",
			);
			name = "[CP] Embed Pods Frameworks";
			outputFileListPaths = (
			);
			outputPaths = (
				"${TARGET_BUILD_DIR}/${FRAMEWORKS_FOLDER_PATH}/Alamofire.framework",
				"${TARGET_BUILD_DIR}/${FRAMEWORKS_FOLDER_PATH}/Alamofire_SwiftyJSON.framework",
				"${TARGET_BUILD_DIR}/${FRAMEWORKS_FOLDER_PATH}/AlamofireImage.framework",
				"${TARGET_BUILD_DIR}/${FRAMEWORKS_FOLDER_PATH}/SwiftyJSON.framework",
			);
			runOnlyForDeploymentPostprocessing = 0;
			shellPath = /bin/sh;
			shellScript = "\"${PODS_ROOT}/Target Support Files/Pods-MamicampFinalProject/Pods-MamicampFinalProject-frameworks.sh\"\n";
			showEnvVarsInLog = 0;
		};
		F2533A86B108C6C698C800D9 /* [CP] Check Pods Manifest.lock */ = {
			isa = PBXShellScriptBuildPhase;
			buildActionMask = 2147483647;
			files = (
			);
			inputFileListPaths = (
			);
			inputPaths = (
				"${PODS_PODFILE_DIR_PATH}/Podfile.lock",
				"${PODS_ROOT}/Manifest.lock",
			);
			name = "[CP] Check Pods Manifest.lock";
			outputFileListPaths = (
			);
			outputPaths = (
				"$(DERIVED_FILE_DIR)/Pods-MamicampFinalProject-checkManifestLockResult.txt",
			);
			runOnlyForDeploymentPostprocessing = 0;
			shellPath = /bin/sh;
			shellScript = "diff \"${PODS_PODFILE_DIR_PATH}/Podfile.lock\" \"${PODS_ROOT}/Manifest.lock\" > /dev/null\nif [ $? != 0 ] ; then\n    # print error to STDERR\n    echo \"error: The sandbox is not in sync with the Podfile.lock. Run 'pod install' or update your CocoaPods installation.\" >&2\n    exit 1\nfi\n# This output is used by Xcode 'outputs' to avoid re-running this script phase.\necho \"SUCCESS\" > \"${SCRIPT_OUTPUT_FILE_0}\"\n";
			showEnvVarsInLog = 0;
		};
/* End PBXShellScriptBuildPhase section */

/* Begin PBXSourcesBuildPhase section */
		F506F983224BD482008BB122 /* Sources */ = {
			isa = PBXSourcesBuildPhase;
			buildActionMask = 2147483647;
			files = (
				F506F9A2224BE503008BB122 /* DetailKostViewController.swift in Sources */,
				F506F993224BD482008BB122 /* MamicampFinalProject.xcdatamodeld in Sources */,
				F506F98D224BD482008BB122 /* ViewController.swift in Sources */,
				F51DC7BC224C159600EB4958 /* KostModel.swift in Sources */,
				F51DC7BA224C0E1200EB4958 /* KostViewModel.swift in Sources */,
				F506F9A4224BE680008BB122 /* TambahKostViewController.swift in Sources */,
				F51DC7B8224C0A4D00EB4958 /* NetworkFacade.swift in Sources */,
				F506F9A8224BE8E6008BB122 /* KostTableViewCell.swift in Sources */,
				F506F98B224BD482008BB122 /* AppDelegate.swift in Sources */,
				F51DC7C1224C186600EB4958 /* AnyViewExtension.swift in Sources */,
			);
			runOnlyForDeploymentPostprocessing = 0;
		};
/* End PBXSourcesBuildPhase section */

/* Begin PBXVariantGroup section */
		F506F98E224BD482008BB122 /* Main.storyboard */ = {
			isa = PBXVariantGroup;
			children = (
				F506F98F224BD482008BB122 /* Base */,
			);
			name = Main.storyboard;
			sourceTree = "<group>";
		};
		F506F996224BD483008BB122 /* LaunchScreen.storyboard */ = {
			isa = PBXVariantGroup;
			children = (
				F506F997224BD483008BB122 /* Base */,
			);
			name = LaunchScreen.storyboard;
			sourceTree = "<group>";
		};
/* End PBXVariantGroup section */

/* Begin XCBuildConfiguration section */
		F506F99A224BD483008BB122 /* Debug */ = {
			isa = XCBuildConfiguration;
			buildSettings = {
				ALWAYS_SEARCH_USER_PATHS = NO;
				CLANG_ANALYZER_NONNULL = YES;
				CLANG_ANALYZER_NUMBER_OBJECT_CONVERSION = YES_AGGRESSIVE;
				CLANG_CXX_LANGUAGE_STANDARD = "gnu++14";
				CLANG_CXX_LIBRARY = "libc++";
				CLANG_ENABLE_MODULES = YES;
				CLANG_ENABLE_OBJC_ARC = YES;
				CLANG_ENABLE_OBJC_WEAK = YES;
				CLANG_WARN_BLOCK_CAPTURE_AUTORELEASING = YES;
				CLANG_WARN_BOOL_CONVERSION = YES;
				CLANG_WARN_COMMA = YES;
				CLANG_WARN_CONSTANT_CONVERSION = YES;
				CLANG_WARN_DEPRECATED_OBJC_IMPLEMENTATIONS = YES;
				CLANG_WARN_DIRECT_OBJC_ISA_USAGE = YES_ERROR;
				CLANG_WARN_DOCUMENTATION_COMMENTS = YES;
				CLANG_WARN_EMPTY_BODY = YES;
				CLANG_WARN_ENUM_CONVERSION = YES;
				CLANG_WARN_INFINITE_RECURSION = YES;
				CLANG_WARN_INT_CONVERSION = YES;
				CLANG_WARN_NON_LITERAL_NULL_CONVERSION = YES;
				CLANG_WARN_OBJC_IMPLICIT_RETAIN_SELF = YES;
				CLANG_WARN_OBJC_LITERAL_CONVERSION = YES;
				CLANG_WARN_OBJC_ROOT_CLASS = YES_ERROR;
				CLANG_WARN_RANGE_LOOP_ANALYSIS = YES;
				CLANG_WARN_STRICT_PROTOTYPES = YES;
				CLANG_WARN_SUSPICIOUS_MOVE = YES;
				CLANG_WARN_UNGUARDED_AVAILABILITY = YES_AGGRESSIVE;
				CLANG_WARN_UNREACHABLE_CODE = YES;
				CLANG_WARN__DUPLICATE_METHOD_MATCH = YES;
				CODE_SIGN_IDENTITY = "iPhone Developer";
				COPY_PHASE_STRIP = NO;
				DEBUG_INFORMATION_FORMAT = dwarf;
				ENABLE_STRICT_OBJC_MSGSEND = YES;
				ENABLE_TESTABILITY = YES;
				GCC_C_LANGUAGE_STANDARD = gnu11;
				GCC_DYNAMIC_NO_PIC = NO;
				GCC_NO_COMMON_BLOCKS = YES;
				GCC_OPTIMIZATION_LEVEL = 0;
				GCC_PREPROCESSOR_DEFINITIONS = (
					"DEBUG=1",
					"$(inherited)",
				);
				GCC_WARN_64_TO_32_BIT_CONVERSION = YES;
				GCC_WARN_ABOUT_RETURN_TYPE = YES_ERROR;
				GCC_WARN_UNDECLARED_SELECTOR = YES;
				GCC_WARN_UNINITIALIZED_AUTOS = YES_AGGRESSIVE;
				GCC_WARN_UNUSED_FUNCTION = YES;
				GCC_WARN_UNUSED_VARIABLE = YES;
				IPHONEOS_DEPLOYMENT_TARGET = 12.1;
				MTL_ENABLE_DEBUG_INFO = INCLUDE_SOURCE;
				MTL_FAST_MATH = YES;
				ONLY_ACTIVE_ARCH = YES;
				SDKROOT = iphoneos;
				SWIFT_ACTIVE_COMPILATION_CONDITIONS = DEBUG;
				SWIFT_OPTIMIZATION_LEVEL = "-Onone";
			};
			name = Debug;
		};
		F506F99B224BD483008BB122 /* Release */ = {
			isa = XCBuildConfiguration;
			buildSettings = {
				ALWAYS_SEARCH_USER_PATHS = NO;
				CLANG_ANALYZER_NONNULL = YES;
				CLANG_ANALYZER_NUMBER_OBJECT_CONVERSION = YES_AGGRESSIVE;
				CLANG_CXX_LANGUAGE_STANDARD = "gnu++14";
				CLANG_CXX_LIBRARY = "libc++";
				CLANG_ENABLE_MODULES = YES;
				CLANG_ENABLE_OBJC_ARC = YES;
				CLANG_ENABLE_OBJC_WEAK = YES;
				CLANG_WARN_BLOCK_CAPTURE_AUTORELEASING = YES;
				CLANG_WARN_BOOL_CONVERSION = YES;
				CLANG_WARN_COMMA = YES;
				CLANG_WARN_CONSTANT_CONVERSION = YES;
				CLANG_WARN_DEPRECATED_OBJC_IMPLEMENTATIONS = YES;
				CLANG_WARN_DIRECT_OBJC_ISA_USAGE = YES_ERROR;
				CLANG_WARN_DOCUMENTATION_COMMENTS = YES;
				CLANG_WARN_EMPTY_BODY = YES;
				CLANG_WARN_ENUM_CONVERSION = YES;
				CLANG_WARN_INFINITE_RECURSION = YES;
				CLANG_WARN_INT_CONVERSION = YES;
				CLANG_WARN_NON_LITERAL_NULL_CONVERSION = YES;
				CLANG_WARN_OBJC_IMPLICIT_RETAIN_SELF = YES;
				CLANG_WARN_OBJC_LITERAL_CONVERSION = YES;
				CLANG_WARN_OBJC_ROOT_CLASS = YES_ERROR;
				CLANG_WARN_RANGE_LOOP_ANALYSIS = YES;
				CLANG_WARN_STRICT_PROTOTYPES = YES;
				CLANG_WARN_SUSPICIOUS_MOVE = YES;
				CLANG_WARN_UNGUARDED_AVAILABILITY = YES_AGGRESSIVE;
				CLANG_WARN_UNREACHABLE_CODE = YES;
				CLANG_WARN__DUPLICATE_METHOD_MATCH = YES;
				CODE_SIGN_IDENTITY = "iPhone Developer";
				COPY_PHASE_STRIP = NO;
				DEBUG_INFORMATION_FORMAT = "dwarf-with-dsym";
				ENABLE_NS_ASSERTIONS = NO;
				ENABLE_STRICT_OBJC_MSGSEND = YES;
				GCC_C_LANGUAGE_STANDARD = gnu11;
				GCC_NO_COMMON_BLOCKS = YES;
				GCC_WARN_64_TO_32_BIT_CONVERSION = YES;
				GCC_WARN_ABOUT_RETURN_TYPE = YES_ERROR;
				GCC_WARN_UNDECLARED_SELECTOR = YES;
				GCC_WARN_UNINITIALIZED_AUTOS = YES_AGGRESSIVE;
				GCC_WARN_UNUSED_FUNCTION = YES;
				GCC_WARN_UNUSED_VARIABLE = YES;
				IPHONEOS_DEPLOYMENT_TARGET = 12.1;
				MTL_ENABLE_DEBUG_INFO = NO;
				MTL_FAST_MATH = YES;
				SDKROOT = iphoneos;
				SWIFT_COMPILATION_MODE = wholemodule;
				SWIFT_OPTIMIZATION_LEVEL = "-O";
				VALIDATE_PRODUCT = YES;
			};
			name = Release;
		};
		F506F99D224BD483008BB122 /* Debug */ = {
			isa = XCBuildConfiguration;
			baseConfigurationReference = 9E2EE42C64064AB6DB941955 /* Pods-MamicampFinalProject.debug.xcconfig */;
			buildSettings = {
				ASSETCATALOG_COMPILER_APPICON_NAME = AppIcon;
				CODE_SIGN_STYLE = Automatic;
				INFOPLIST_FILE = MamicampFinalProject/Info.plist;
				LD_RUNPATH_SEARCH_PATHS = (
					"$(inherited)",
					"@executable_path/Frameworks",
				);
				PRODUCT_BUNDLE_IDENTIFIER = com.rendy.MamicampFinalProject;
				PRODUCT_NAME = "$(TARGET_NAME)";
				SWIFT_VERSION = 4.2;
				TARGETED_DEVICE_FAMILY = "1,2";
			};
			name = Debug;
		};
		F506F99E224BD483008BB122 /* Release */ = {
			isa = XCBuildConfiguration;
			baseConfigurationReference = 24A6FA53C8AB1ECA7420ED5C /* Pods-MamicampFinalProject.release.xcconfig */;
			buildSettings = {
				ASSETCATALOG_COMPILER_APPICON_NAME = AppIcon;
				CODE_SIGN_STYLE = Automatic;
				INFOPLIST_FILE = MamicampFinalProject/Info.plist;
				LD_RUNPATH_SEARCH_PATHS = (
					"$(inherited)",
					"@executable_path/Frameworks",
				);
				PRODUCT_BUNDLE_IDENTIFIER = com.rendy.MamicampFinalProject;
				PRODUCT_NAME = "$(TARGET_NAME)";
				SWIFT_VERSION = 4.2;
				TARGETED_DEVICE_FAMILY = "1,2";
			};
			name = Release;
		};
/* End XCBuildConfiguration section */

/* Begin XCConfigurationList section */
		F506F982224BD482008BB122 /* Build configuration list for PBXProject "MamicampFinalProject" */ = {
			isa = XCConfigurationList;
			buildConfigurations = (
				F506F99A224BD483008BB122 /* Debug */,
				F506F99B224BD483008BB122 /* Release */,
			);
			defaultConfigurationIsVisible = 0;
			defaultConfigurationName = Release;
		};
		F506F99C224BD483008BB122 /* Build configuration list for PBXNativeTarget "MamicampFinalProject" */ = {
			isa = XCConfigurationList;
			buildConfigurations = (
				F506F99D224BD483008BB122 /* Debug */,
				F506F99E224BD483008BB122 /* Release */,
			);
			defaultConfigurationIsVisible = 0;
			defaultConfigurationName = Release;
		};
/* End XCConfigurationList section */

/* Begin XCVersionGroup section */
		F506F991224BD482008BB122 /* MamicampFinalProject.xcdatamodeld */ = {
			isa = XCVersionGroup;
			children = (
				F506F992224BD482008BB122 /* MamicampFinalProject.xcdatamodel */,
			);
			currentVersion = F506F992224BD482008BB122 /* MamicampFinalProject.xcdatamodel */;
			path = MamicampFinalProject.xcdatamodeld;
			sourceTree = "<group>";
			versionGroupType = wrapper.xcdatamodel;
		};
/* End XCVersionGroup section */
	};
	rootObject = F506F97F224BD482008BB122 /* Project object */;
}
